
Microsoft Visual Studio Solution File, Format Version 12.00
# Visual Studio Version 16
VisualStudioVersion = 16.0.30717.126
MinimumVisualStudioVersion = 10.0.40219.1
Project("{FAE04EC0-301F-11D3-BF4B-00C04F79EFBC}") = "Sparen", "Sparen\Sparen.csproj", "{EB0F4156-4DF4-465F-B479-F1E16CD2E949}"
EndProject
Project("{FAE04EC0-301F-11D3-BF4B-00C04F79EFBC}") = "Sparen.Data", "Sparen.Data\Sparen.Data.csproj", "{1E3B783B-984E-47D2-BD84-D91056109EA7}"
EndProject
Project("{FAE04EC0-301F-11D3-BF4B-00C04F79EFBC}") = "Sparen.Services", "Sparen.Services\Sparen.Services.csproj", "{EE40605A-7A2E-43E7-897E-C31AB257DABC}"
EndProject
Project("{FAE04EC0-301F-11D3-BF4B-00C04F79EFBC}") = "Sparen.Models", "Sparen.Models\Sparen.Models.csproj", "{4DBCF05B-79CD-4300-AFB3-7D35298D3A11}"
EndProject
Global
	GlobalSection(SolutionConfigurationPlatforms) = preSolution
		Debug|Any CPU = Debug|Any CPU
		Release|Any CPU = Release|Any CPU
	EndGlobalSection
	GlobalSection(ProjectConfigurationPlatforms) = postSolution
		{EB0F4156-4DF4-465F-B479-F1E16CD2E949}.Debug|Any CPU.ActiveCfg = Debug|Any CPU
		{EB0F4156-4DF4-465F-B479-F1E16CD2E949}.Debug|Any CPU.Build.0 = Debug|Any CPU
		{EB0F4156-4DF4-465F-B479-F1E16CD2E949}.Release|Any CPU.ActiveCfg = Release|Any CPU
		{EB0F4156-4DF4-465F-B479-F1E16CD2E949}.Release|Any CPU.Build.0 = Release|Any CPU
		{1E3B783B-984E-47D2-BD84-D91056109EA7}.Debug|Any CPU.ActiveCfg = Debug|Any CPU
		{1E3B783B-984E-47D2-BD84-D91056109EA7}.Debug|Any CPU.Build.0 = Debug|Any CPU
		{1E3B783B-984E-47D2-BD84-D91056109EA7}.Release|Any CPU.ActiveCfg = Release|Any CPU
		{1E3B783B-984E-47D2-BD84-D91056109EA7}.Release|Any CPU.Build.0 = Release|Any CPU
		{EE40605A-7A2E-43E7-897E-C31AB257DABC}.Debug|Any CPU.ActiveCfg = Debug|Any CPU
		{EE40605A-7A2E-43E7-897E-C31AB257DABC}.Debug|Any CPU.Build.0 = Debug|Any CPU
		{EE40605A-7A2E-43E7-897E-C31AB257DABC}.Release|Any CPU.ActiveCfg = Release|Any CPU
		{EE40605A-7A2E-43E7-897E-C31AB257DABC}.Release|Any CPU.Build.0 = Release|Any CPU
		{4DBCF05B-79CD-4300-AFB3-7D35298D3A11}.Debug|Any CPU.ActiveCfg = Debug|Any CPU
		{4DBCF05B-79CD-4300-AFB3-7D35298D3A11}.Debug|Any CPU.Build.0 = Debug|Any CPU
		{4DBCF05B-79CD-4300-AFB3-7D35298D3A11}.Release|Any CPU.ActiveCfg = Release|Any CPU
		{4DBCF05B-79CD-4300-AFB3-7D35298D3A11}.Release|Any CPU.Build.0 = Release|Any CPU
	EndGlobalSection
	GlobalSection(SolutionProperties) = preSolution
		HideSolutionNode = FALSE
	EndGlobalSection
	GlobalSection(ExtensibilityGlobals) = postSolution
		SolutionGuid = {AC9DDFE7-DB47-4D50-AB98-6B918F4BD6D5}
	EndGlobalSection
EndGlobal
